
Microsoft Visual Studio Solution File, Format Version 12.00
# Visual Studio 14
VisualStudioVersion = 14.0.25420.1
MinimumVisualStudioVersion = 10.0.40219.1
Project("{FAE04EC0-301F-11D3-BF4B-00C04F79EFBC}") = "Prism_App1", "Prism_App1\Prism_App1\Prism_App1.csproj", "{9859CB88-D960-432F-AD31-37892A7FB4D4}"
EndProject
Project("{FAE04EC0-301F-11D3-BF4B-00C04F79EFBC}") = "Prism_App1.Droid", "Prism_App1\Prism_App1.Droid\Prism_App1.Droid.csproj", "{53F7B302-80FC-4FD7-8AD1-F39C0982DFEC}"
EndProject
Project("{FAE04EC0-301F-11D3-BF4B-00C04F79EFBC}") = "Prism_App1.iOS", "Prism_App1\Prism_App1.iOS\Prism_App1.iOS.csproj", "{4CDC639C-B16A-406E-8CB9-EB7F23FE69DC}"
EndProject
Project("{FAE04EC0-301F-11D3-BF4B-00C04F79EFBC}") = "Prism_App1.UWP", "Prism_App1\Prism_App1.UWP\Prism_App1.UWP.csproj", "{0EE06EEE-D2BD-4AC7-990B-5B17287BC5D2}"
EndProject
Global
	GlobalSection(SolutionConfigurationPlatforms) = preSolution
		Ad-Hoc|Any CPU = Ad-Hoc|Any CPU
		Ad-Hoc|ARM = Ad-Hoc|ARM
		Ad-Hoc|iPhone = Ad-Hoc|iPhone
		Ad-Hoc|iPhoneSimulator = Ad-Hoc|iPhoneSimulator
		Ad-Hoc|x64 = Ad-Hoc|x64
		Ad-Hoc|x86 = Ad-Hoc|x86
		AppStore|Any CPU = AppStore|Any CPU
		AppStore|ARM = AppStore|ARM
		AppStore|iPhone = AppStore|iPhone
		AppStore|iPhoneSimulator = AppStore|iPhoneSimulator
		AppStore|x64 = AppStore|x64
		AppStore|x86 = AppStore|x86
		Debug|Any CPU = Debug|Any CPU
		Debug|ARM = Debug|ARM
		Debug|iPhone = Debug|iPhone
		Debug|iPhoneSimulator = Debug|iPhoneSimulator
		Debug|x64 = Debug|x64
		Debug|x86 = Debug|x86
		Release|Any CPU = Release|Any CPU
		Release|ARM = Release|ARM
		Release|iPhone = Release|iPhone
		Release|iPhoneSimulator = Release|iPhoneSimulator
		Release|x64 = Release|x64
		Release|x86 = Release|x86
	EndGlobalSection
	GlobalSection(ProjectConfigurationPlatforms) = postSolution
		{9859CB88-D960-432F-AD31-37892A7FB4D4}.Ad-Hoc|Any CPU.ActiveCfg = Release|Any CPU
		{9859CB88-D960-432F-AD31-37892A7FB4D4}.Ad-Hoc|Any CPU.Build.0 = Release|Any CPU
		{9859CB88-D960-432F-AD31-37892A7FB4D4}.Ad-Hoc|ARM.ActiveCfg = Release|Any CPU
		{9859CB88-D960-432F-AD31-37892A7FB4D4}.Ad-Hoc|ARM.Build.0 = Release|Any CPU
		{9859CB88-D960-432F-AD31-37892A7FB4D4}.Ad-Hoc|iPhone.ActiveCfg = Release|Any CPU
		{9859CB88-D960-432F-AD31-37892A7FB4D4}.Ad-Hoc|iPhone.Build.0 = Release|Any CPU
		{9859CB88-D960-432F-AD31-37892A7FB4D4}.Ad-Hoc|iPhoneSimulator.ActiveCfg = Release|Any CPU
		{9859CB88-D960-432F-AD31-37892A7FB4D4}.Ad-Hoc|iPhoneSimulator.Build.0 = Release|Any CPU
		{9859CB88-D960-432F-AD31-37892A7FB4D4}.Ad-Hoc|x64.ActiveCfg = Release|Any CPU
		{9859CB88-D960-432F-AD31-37892A7FB4D4}.Ad-Hoc|x64.Build.0 = Release|Any CPU
		{9859CB88-D960-432F-AD31-37892A7FB4D4}.Ad-Hoc|x86.ActiveCfg = Release|Any CPU
		{9859CB88-D960-432F-AD31-37892A7FB4D4}.Ad-Hoc|x86.Build.0 = Release|Any CPU
		{9859CB88-D960-432F-AD31-37892A7FB4D4}.AppStore|Any CPU.ActiveCfg = Release|Any CPU
		{9859CB88-D960-432F-AD31-37892A7FB4D4}.AppStore|Any CPU.Build.0 = Release|Any CPU
		{9859CB88-D960-432F-AD31-37892A7FB4D4}.AppStore|ARM.ActiveCfg = Release|Any CPU
		{9859CB88-D960-432F-AD31-37892A7FB4D4}.AppStore|ARM.Build.0 = Release|Any CPU
		{9859CB88-D960-432F-AD31-37892A7FB4D4}.AppStore|iPhone.ActiveCfg = Release|Any CPU
		{9859CB88-D960-432F-AD31-37892A7FB4D4}.AppStore|iPhone.Build.0 = Release|Any CPU
		{9859CB88-D960-432F-AD31-37892A7FB4D4}.AppStore|iPhoneSimulator.ActiveCfg = Release|Any CPU
		{9859CB88-D960-432F-AD31-37892A7FB4D4}.AppStore|iPhoneSimulator.Build.0 = Release|Any CPU
		{9859CB88-D960-432F-AD31-37892A7FB4D4}.AppStore|x64.ActiveCfg = Release|Any CPU
		{9859CB88-D960-432F-AD31-37892A7FB4D4}.AppStore|x64.Build.0 = Release|Any CPU
		{9859CB88-D960-432F-AD31-37892A7FB4D4}.AppStore|x86.ActiveCfg = Release|Any CPU
		{9859CB88-D960-432F-AD31-37892A7FB4D4}.AppStore|x86.Build.0 = Release|Any CPU
		{9859CB88-D960-432F-AD31-37892A7FB4D4}.Debug|Any CPU.ActiveCfg = Debug|Any CPU
		{9859CB88-D960-432F-AD31-37892A7FB4D4}.Debug|Any CPU.Build.0 = Debug|Any CPU
		{9859CB88-D960-432F-AD31-37892A7FB4D4}.Debug|ARM.ActiveCfg = Debug|Any CPU
		{9859CB88-D960-432F-AD31-37892A7FB4D4}.Debug|ARM.Build.0 = Debug|Any CPU
		{9859CB88-D960-432F-AD31-37892A7FB4D4}.Debug|iPhone.ActiveCfg = Debug|Any CPU
		{9859CB88-D960-432F-AD31-37892A7FB4D4}.Debug|iPhone.Build.0 = Debug|Any CPU
		{9859CB88-D960-432F-AD31-37892A7FB4D4}.Debug|iPhoneSimulator.ActiveCfg = Debug|Any CPU
		{9859CB88-D960-432F-AD31-37892A7FB4D4}.Debug|iPhoneSimulator.Build.0 = Debug|Any CPU
		{9859CB88-D960-432F-AD31-37892A7FB4D4}.Debug|x64.ActiveCfg = Debug|Any CPU
		{9859CB88-D960-432F-AD31-37892A7FB4D4}.Debug|x64.Build.0 = Debug|Any CPU
		{9859CB88-D960-432F-AD31-37892A7FB4D4}.Debug|x86.ActiveCfg = Debug|Any CPU
		{9859CB88-D960-432F-AD31-37892A7FB4D4}.Debug|x86.Build.0 = Debug|Any CPU
		{9859CB88-D960-432F-AD31-37892A7FB4D4}.Release|Any CPU.ActiveCfg = Release|Any CPU
		{9859CB88-D960-432F-AD31-37892A7FB4D4}.Release|Any CPU.Build.0 = Release|Any CPU
		{9859CB88-D960-432F-AD31-37892A7FB4D4}.Release|ARM.ActiveCfg = Release|Any CPU
		{9859CB88-D960-432F-AD31-37892A7FB4D4}.Release|ARM.Build.0 = Release|Any CPU
		{9859CB88-D960-432F-AD31-37892A7FB4D4}.Release|iPhone.ActiveCfg = Release|Any CPU
		{9859CB88-D960-432F-AD31-37892A7FB4D4}.Release|iPhone.Build.0 = Release|Any CPU
		{9859CB88-D960-432F-AD31-37892A7FB4D4}.Release|iPhoneSimulator.ActiveCfg = Release|Any CPU
		{9859CB88-D960-432F-AD31-37892A7FB4D4}.Release|iPhoneSimulator.Build.0 = Release|Any CPU
		{9859CB88-D960-432F-AD31-37892A7FB4D4}.Release|x64.ActiveCfg = Release|Any CPU
		{9859CB88-D960-432F-AD31-37892A7FB4D4}.Release|x64.Build.0 = Release|Any CPU
		{9859CB88-D960-432F-AD31-37892A7FB4D4}.Release|x86.ActiveCfg = Release|Any CPU
		{9859CB88-D960-432F-AD31-37892A7FB4D4}.Release|x86.Build.0 = Release|Any CPU
		{53F7B302-80FC-4FD7-8AD1-F39C0982DFEC}.Ad-Hoc|Any CPU.ActiveCfg = Release|Any CPU
		{53F7B302-80FC-4FD7-8AD1-F39C0982DFEC}.Ad-Hoc|Any CPU.Build.0 = Release|Any CPU
		{53F7B302-80FC-4FD7-8AD1-F39C0982DFEC}.Ad-Hoc|Any CPU.Deploy.0 = Release|Any CPU
		{53F7B302-80FC-4FD7-8AD1-F39C0982DFEC}.Ad-Hoc|ARM.ActiveCfg = Release|Any CPU
		{53F7B302-80FC-4FD7-8AD1-F39C0982DFEC}.Ad-Hoc|ARM.Build.0 = Release|Any CPU
		{53F7B302-80FC-4FD7-8AD1-F39C0982DFEC}.Ad-Hoc|ARM.Deploy.0 = Release|Any CPU
		{53F7B302-80FC-4FD7-8AD1-F39C0982DFEC}.Ad-Hoc|iPhone.ActiveCfg = Release|Any CPU
		{53F7B302-80FC-4FD7-8AD1-F39C0982DFEC}.Ad-Hoc|iPhone.Build.0 = Release|Any CPU
		{53F7B302-80FC-4FD7-8AD1-F39C0982DFEC}.Ad-Hoc|iPhone.Deploy.0 = Release|Any CPU
		{53F7B302-80FC-4FD7-8AD1-F39C0982DFEC}.Ad-Hoc|iPhoneSimulator.ActiveCfg = Release|Any CPU
		{53F7B302-80FC-4FD7-8AD1-F39C0982DFEC}.Ad-Hoc|iPhoneSimulator.Build.0 = Release|Any CPU
		{53F7B302-80FC-4FD7-8AD1-F39C0982DFEC}.Ad-Hoc|iPhoneSimulator.Deploy.0 = Release|Any CPU
		{53F7B302-80FC-4FD7-8AD1-F39C0982DFEC}.Ad-Hoc|x64.ActiveCfg = Release|Any CPU
		{53F7B302-80FC-4FD7-8AD1-F39C0982DFEC}.Ad-Hoc|x64.Build.0 = Release|Any CPU
		{53F7B302-80FC-4FD7-8AD1-F39C0982DFEC}.Ad-Hoc|x64.Deploy.0 = Release|Any CPU
		{53F7B302-80FC-4FD7-8AD1-F39C0982DFEC}.Ad-Hoc|x86.ActiveCfg = Release|Any CPU
		{53F7B302-80FC-4FD7-8AD1-F39C0982DFEC}.Ad-Hoc|x86.Build.0 = Release|Any CPU
		{53F7B302-80FC-4FD7-8AD1-F39C0982DFEC}.Ad-Hoc|x86.Deploy.0 = Release|Any CPU
		{53F7B302-80FC-4FD7-8AD1-F39C0982DFEC}.AppStore|Any CPU.ActiveCfg = Release|Any CPU
		{53F7B302-80FC-4FD7-8AD1-F39C0982DFEC}.AppStore|Any CPU.Build.0 = Release|Any CPU
		{53F7B302-80FC-4FD7-8AD1-F39C0982DFEC}.AppStore|Any CPU.Deploy.0 = Release|Any CPU
		{53F7B302-80FC-4FD7-8AD1-F39C0982DFEC}.AppStore|ARM.ActiveCfg = Release|Any CPU
		{53F7B302-80FC-4FD7-8AD1-F39C0982DFEC}.AppStore|ARM.Build.0 = Release|Any CPU
		{53F7B302-80FC-4FD7-8AD1-F39C0982DFEC}.AppStore|ARM.Deploy.0 = Release|Any CPU
		{53F7B302-80FC-4FD7-8AD1-F39C0982DFEC}.AppStore|iPhone.ActiveCfg = Release|Any CPU
		{53F7B302-80FC-4FD7-8AD1-F39C0982DFEC}.AppStore|iPhone.Build.0 = Release|Any CPU
		{53F7B302-80FC-4FD7-8AD1-F39C0982DFEC}.AppStore|iPhone.Deploy.0 = Release|Any CPU
		{53F7B302-80FC-4FD7-8AD1-F39C0982DFEC}.AppStore|iPhoneSimulator.ActiveCfg = Release|Any CPU
		{53F7B302-80FC-4FD7-8AD1-F39C0982DFEC}.AppStore|iPhoneSimulator.Build.0 = Release|Any CPU
		{53F7B302-80FC-4FD7-8AD1-F39C0982DFEC}.AppStore|iPhoneSimulator.Deploy.0 = Release|Any CPU
		{53F7B302-80FC-4FD7-8AD1-F39C0982DFEC}.AppStore|x64.ActiveCfg = Release|Any CPU
		{53F7B302-80FC-4FD7-8AD1-F39C0982DFEC}.AppStore|x64.Build.0 = Release|Any CPU
		{53F7B302-80FC-4FD7-8AD1-F39C0982DFEC}.AppStore|x64.Deploy.0 = Release|Any CPU
		{53F7B302-80FC-4FD7-8AD1-F39C0982DFEC}.AppStore|x86.ActiveCfg = Release|Any CPU
		{53F7B302-80FC-4FD7-8AD1-F39C0982DFEC}.AppStore|x86.Build.0 = Release|Any CPU
		{53F7B302-80FC-4FD7-8AD1-F39C0982DFEC}.AppStore|x86.Deploy.0 = Release|Any CPU
		{53F7B302-80FC-4FD7-8AD1-F39C0982DFEC}.Debug|Any CPU.ActiveCfg = Debug|Any CPU
		{53F7B302-80FC-4FD7-8AD1-F39C0982DFEC}.Debug|Any CPU.Build.0 = Debug|Any CPU
		{53F7B302-80FC-4FD7-8AD1-F39C0982DFEC}.Debug|Any CPU.Deploy.0 = Debug|Any CPU
		{53F7B302-80FC-4FD7-8AD1-F39C0982DFEC}.Debug|ARM.ActiveCfg = Debug|Any CPU
		{53F7B302-80FC-4FD7-8AD1-F39C0982DFEC}.Debug|ARM.Build.0 = Debug|Any CPU
		{53F7B302-80FC-4FD7-8AD1-F39C0982DFEC}.Debug|ARM.Deploy.0 = Debug|Any CPU
		{53F7B302-80FC-4FD7-8AD1-F39C0982DFEC}.Debug|iPhone.ActiveCfg = Debug|Any CPU
		{53F7B302-80FC-4FD7-8AD1-F39C0982DFEC}.Debug|iPhone.Build.0 = Debug|Any CPU
		{53F7B302-80FC-4FD7-8AD1-F39C0982DFEC}.Debug|iPhone.Deploy.0 = Debug|Any CPU
		{53F7B302-80FC-4FD7-8AD1-F39C0982DFEC}.Debug|iPhoneSimulator.ActiveCfg = Debug|Any CPU
		{53F7B302-80FC-4FD7-8AD1-F39C0982DFEC}.Debug|iPhoneSimulator.Build.0 = Debug|Any CPU
		{53F7B302-80FC-4FD7-8AD1-F39C0982DFEC}.Debug|iPhoneSimulator.Deploy.0 = Debug|Any CPU
		{53F7B302-80FC-4FD7-8AD1-F39C0982DFEC}.Debug|x64.ActiveCfg = Debug|Any CPU
		{53F7B302-80FC-4FD7-8AD1-F39C0982DFEC}.Debug|x64.Build.0 = Debug|Any CPU
		{53F7B302-80FC-4FD7-8AD1-F39C0982DFEC}.Debug|x64.Deploy.0 = Debug|Any CPU
		{53F7B302-80FC-4FD7-8AD1-F39C0982DFEC}.Debug|x86.ActiveCfg = Debug|Any CPU
		{53F7B302-80FC-4FD7-8AD1-F39C0982DFEC}.Debug|x86.Build.0 = Debug|Any CPU
		{53F7B302-80FC-4FD7-8AD1-F39C0982DFEC}.Debug|x86.Deploy.0 = Debug|Any CPU
		{53F7B302-80FC-4FD7-8AD1-F39C0982DFEC}.Release|Any CPU.ActiveCfg = Release|Any CPU
		{53F7B302-80FC-4FD7-8AD1-F39C0982DFEC}.Release|Any CPU.Build.0 = Release|Any CPU
		{53F7B302-80FC-4FD7-8AD1-F39C0982DFEC}.Release|Any CPU.Deploy.0 = Release|Any CPU
		{53F7B302-80FC-4FD7-8AD1-F39C0982DFEC}.Release|ARM.ActiveCfg = Release|Any CPU
		{53F7B302-80FC-4FD7-8AD1-F39C0982DFEC}.Release|ARM.Build.0 = Release|Any CPU
		{53F7B302-80FC-4FD7-8AD1-F39C0982DFEC}.Release|ARM.Deploy.0 = Release|Any CPU
		{53F7B302-80FC-4FD7-8AD1-F39C0982DFEC}.Release|iPhone.ActiveCfg = Release|Any CPU
		{53F7B302-80FC-4FD7-8AD1-F39C0982DFEC}.Release|iPhone.Build.0 = Release|Any CPU
		{53F7B302-80FC-4FD7-8AD1-F39C0982DFEC}.Release|iPhone.Deploy.0 = Release|Any CPU
		{53F7B302-80FC-4FD7-8AD1-F39C0982DFEC}.Release|iPhoneSimulator.ActiveCfg = Release|Any CPU
		{53F7B302-80FC-4FD7-8AD1-F39C0982DFEC}.Release|iPhoneSimulator.Build.0 = Release|Any CPU
		{53F7B302-80FC-4FD7-8AD1-F39C0982DFEC}.Release|iPhoneSimulator.Deploy.0 = Release|Any CPU
		{53F7B302-80FC-4FD7-8AD1-F39C0982DFEC}.Release|x64.ActiveCfg = Release|Any CPU
		{53F7B302-80FC-4FD7-8AD1-F39C0982DFEC}.Release|x64.Build.0 = Release|Any CPU
		{53F7B302-80FC-4FD7-8AD1-F39C0982DFEC}.Release|x64.Deploy.0 = Release|Any CPU
		{53F7B302-80FC-4FD7-8AD1-F39C0982DFEC}.Release|x86.ActiveCfg = Release|Any CPU
		{53F7B302-80FC-4FD7-8AD1-F39C0982DFEC}.Release|x86.Build.0 = Release|Any CPU
		{53F7B302-80FC-4FD7-8AD1-F39C0982DFEC}.Release|x86.Deploy.0 = Release|Any CPU
		{4CDC639C-B16A-406E-8CB9-EB7F23FE69DC}.Ad-Hoc|Any CPU.ActiveCfg = Ad-Hoc|iPhone
		{4CDC639C-B16A-406E-8CB9-EB7F23FE69DC}.Ad-Hoc|ARM.ActiveCfg = Ad-Hoc|iPhone
		{4CDC639C-B16A-406E-8CB9-EB7F23FE69DC}.Ad-Hoc|iPhone.ActiveCfg = Ad-Hoc|iPhone
		{4CDC639C-B16A-406E-8CB9-EB7F23FE69DC}.Ad-Hoc|iPhone.Build.0 = Ad-Hoc|iPhone
		{4CDC639C-B16A-406E-8CB9-EB7F23FE69DC}.Ad-Hoc|iPhoneSimulator.ActiveCfg = Ad-Hoc|iPhoneSimulator
		{4CDC639C-B16A-406E-8CB9-EB7F23FE69DC}.Ad-Hoc|iPhoneSimulator.Build.0 = Ad-Hoc|iPhoneSimulator
		{4CDC639C-B16A-406E-8CB9-EB7F23FE69DC}.Ad-Hoc|x64.ActiveCfg = Ad-Hoc|iPhone
		{4CDC639C-B16A-406E-8CB9-EB7F23FE69DC}.Ad-Hoc|x86.ActiveCfg = Ad-Hoc|iPhone
		{4CDC639C-B16A-406E-8CB9-EB7F23FE69DC}.AppStore|Any CPU.ActiveCfg = AppStore|iPhone
		{4CDC639C-B16A-406E-8CB9-EB7F23FE69DC}.AppStore|ARM.ActiveCfg = AppStore|iPhone
		{4CDC639C-B16A-406E-8CB9-EB7F23FE69DC}.AppStore|iPhone.ActiveCfg = AppStore|iPhone
		{4CDC639C-B16A-406E-8CB9-EB7F23FE69DC}.AppStore|iPhone.Build.0 = AppStore|iPhone
		{4CDC639C-B16A-406E-8CB9-EB7F23FE69DC}.AppStore|iPhoneSimulator.ActiveCfg = AppStore|iPhoneSimulator
		{4CDC639C-B16A-406E-8CB9-EB7F23FE69DC}.AppStore|iPhoneSimulator.Build.0 = AppStore|iPhoneSimulator
		{4CDC639C-B16A-406E-8CB9-EB7F23FE69DC}.AppStore|x64.ActiveCfg = AppStore|iPhone
		{4CDC639C-B16A-406E-8CB9-EB7F23FE69DC}.AppStore|x86.ActiveCfg = AppStore|iPhone
		{4CDC639C-B16A-406E-8CB9-EB7F23FE69DC}.Debug|Any CPU.ActiveCfg = Debug|iPhone
		{4CDC639C-B16A-406E-8CB9-EB7F23FE69DC}.Debug|ARM.ActiveCfg = Debug|iPhone
		{4CDC639C-B16A-406E-8CB9-EB7F23FE69DC}.Debug|iPhone.ActiveCfg = Debug|iPhone
		{4CDC639C-B16A-406E-8CB9-EB7F23FE69DC}.Debug|iPhone.Build.0 = Debug|iPhone
		{4CDC639C-B16A-406E-8CB9-EB7F23FE69DC}.Debug|iPhoneSimulator.ActiveCfg = Debug|iPhoneSimulator
		{4CDC639C-B16A-406E-8CB9-EB7F23FE69DC}.Debug|iPhoneSimulator.Build.0 = Debug|iPhoneSimulator
		{4CDC639C-B16A-406E-8CB9-EB7F23FE69DC}.Debug|x64.ActiveCfg = Debug|iPhone
		{4CDC639C-B16A-406E-8CB9-EB7F23FE69DC}.Debug|x86.ActiveCfg = Debug|iPhone
		{4CDC639C-B16A-406E-8CB9-EB7F23FE69DC}.Release|Any CPU.ActiveCfg = Release|iPhone
		{4CDC639C-B16A-406E-8CB9-EB7F23FE69DC}.Release|ARM.ActiveCfg = Release|iPhone
		{4CDC639C-B16A-406E-8CB9-EB7F23FE69DC}.Release|iPhone.ActiveCfg = Release|iPhone
		{4CDC639C-B16A-406E-8CB9-EB7F23FE69DC}.Release|iPhone.Build.0 = Release|iPhone
		{4CDC639C-B16A-406E-8CB9-EB7F23FE69DC}.Release|iPhoneSimulator.ActiveCfg = Release|iPhoneSimulator
		{4CDC639C-B16A-406E-8CB9-EB7F23FE69DC}.Release|iPhoneSimulator.Build.0 = Release|iPhoneSimulator
		{4CDC639C-B16A-406E-8CB9-EB7F23FE69DC}.Release|x64.ActiveCfg = Release|iPhone
		{4CDC639C-B16A-406E-8CB9-EB7F23FE69DC}.Release|x86.ActiveCfg = Release|iPhone
		{0EE06EEE-D2BD-4AC7-990B-5B17287BC5D2}.Ad-Hoc|Any CPU.ActiveCfg = Release|x86
		{0EE06EEE-D2BD-4AC7-990B-5B17287BC5D2}.Ad-Hoc|Any CPU.Build.0 = Release|x86
		{0EE06EEE-D2BD-4AC7-990B-5B17287BC5D2}.Ad-Hoc|Any CPU.Deploy.0 = Release|x86
		{0EE06EEE-D2BD-4AC7-990B-5B17287BC5D2}.Ad-Hoc|ARM.ActiveCfg = Release|ARM
		{0EE06EEE-D2BD-4AC7-990B-5B17287BC5D2}.Ad-Hoc|ARM.Build.0 = Release|ARM
		{0EE06EEE-D2BD-4AC7-990B-5B17287BC5D2}.Ad-Hoc|ARM.Deploy.0 = Release|ARM
		{0EE06EEE-D2BD-4AC7-990B-5B17287BC5D2}.Ad-Hoc|iPhone.ActiveCfg = Release|x86
		{0EE06EEE-D2BD-4AC7-990B-5B17287BC5D2}.Ad-Hoc|iPhone.Build.0 = Release|x86
		{0EE06EEE-D2BD-4AC7-990B-5B17287BC5D2}.Ad-Hoc|iPhone.Deploy.0 = Release|x86
		{0EE06EEE-D2BD-4AC7-990B-5B17287BC5D2}.Ad-Hoc|iPhoneSimulator.ActiveCfg = Release|x86
		{0EE06EEE-D2BD-4AC7-990B-5B17287BC5D2}.Ad-Hoc|iPhoneSimulator.Build.0 = Release|x86
		{0EE06EEE-D2BD-4AC7-990B-5B17287BC5D2}.Ad-Hoc|iPhoneSimulator.Deploy.0 = Release|x86
		{0EE06EEE-D2BD-4AC7-990B-5B17287BC5D2}.Ad-Hoc|x64.ActiveCfg = Release|x64
		{0EE06EEE-D2BD-4AC7-990B-5B17287BC5D2}.Ad-Hoc|x64.Build.0 = Release|x64
		{0EE06EEE-D2BD-4AC7-990B-5B17287BC5D2}.Ad-Hoc|x64.Deploy.0 = Release|x64
		{0EE06EEE-D2BD-4AC7-990B-5B17287BC5D2}.Ad-Hoc|x86.ActiveCfg = Release|x86
		{0EE06EEE-D2BD-4AC7-990B-5B17287BC5D2}.Ad-Hoc|x86.Build.0 = Release|x86
		{0EE06EEE-D2BD-4AC7-990B-5B17287BC5D2}.Ad-Hoc|x86.Deploy.0 = Release|x86
		{0EE06EEE-D2BD-4AC7-990B-5B17287BC5D2}.AppStore|Any CPU.ActiveCfg = Release|x86
		{0EE06EEE-D2BD-4AC7-990B-5B17287BC5D2}.AppStore|Any CPU.Build.0 = Release|x86
		{0EE06EEE-D2BD-4AC7-990B-5B17287BC5D2}.AppStore|Any CPU.Deploy.0 = Release|x86
		{0EE06EEE-D2BD-4AC7-990B-5B17287BC5D2}.AppStore|ARM.ActiveCfg = Release|ARM
		{0EE06EEE-D2BD-4AC7-990B-5B17287BC5D2}.AppStore|ARM.Build.0 = Release|ARM
		{0EE06EEE-D2BD-4AC7-990B-5B17287BC5D2}.AppStore|ARM.Deploy.0 = Release|ARM
		{0EE06EEE-D2BD-4AC7-990B-5B17287BC5D2}.AppStore|iPhone.ActiveCfg = Release|x86
		{0EE06EEE-D2BD-4AC7-990B-5B17287BC5D2}.AppStore|iPhone.Build.0 = Release|x86
		{0EE06EEE-D2BD-4AC7-990B-5B17287BC5D2}.AppStore|iPhone.Deploy.0 = Release|x86
		{0EE06EEE-D2BD-4AC7-990B-5B17287BC5D2}.AppStore|iPhoneSimulator.ActiveCfg = Release|x86
		{0EE06EEE-D2BD-4AC7-990B-5B17287BC5D2}.AppStore|iPhoneSimulator.Build.0 = Release|x86
		{0EE06EEE-D2BD-4AC7-990B-5B17287BC5D2}.AppStore|iPhoneSimulator.Deploy.0 = Release|x86
		{0EE06EEE-D2BD-4AC7-990B-5B17287BC5D2}.AppStore|x64.ActiveCfg = Release|x64
		{0EE06EEE-D2BD-4AC7-990B-5B17287BC5D2}.AppStore|x64.Build.0 = Release|x64
		{0EE06EEE-D2BD-4AC7-990B-5B17287BC5D2}.AppStore|x64.Deploy.0 = Release|x64
		{0EE06EEE-D2BD-4AC7-990B-5B17287BC5D2}.AppStore|x86.ActiveCfg = Release|x86
		{0EE06EEE-D2BD-4AC7-990B-5B17287BC5D2}.AppStore|x86.Build.0 = Release|x86
		{0EE06EEE-D2BD-4AC7-990B-5B17287BC5D2}.AppStore|x86.Deploy.0 = Release|x86
		{0EE06EEE-D2BD-4AC7-990B-5B17287BC5D2}.Debug|Any CPU.ActiveCfg = Debug|x86
		{0EE06EEE-D2BD-4AC7-990B-5B17287BC5D2}.Debug|ARM.ActiveCfg = Debug|ARM
		{0EE06EEE-D2BD-4AC7-990B-5B17287BC5D2}.Debug|ARM.Build.0 = Debug|ARM
		{0EE06EEE-D2BD-4AC7-990B-5B17287BC5D2}.Debug|ARM.Deploy.0 = Debug|ARM
		{0EE06EEE-D2BD-4AC7-990B-5B17287BC5D2}.Debug|iPhone.ActiveCfg = Debug|x86
		{0EE06EEE-D2BD-4AC7-990B-5B17287BC5D2}.Debug|iPhoneSimulator.ActiveCfg = Debug|x86
		{0EE06EEE-D2BD-4AC7-990B-5B17287BC5D2}.Debug|x64.ActiveCfg = Debug|x64
		{0EE06EEE-D2BD-4AC7-990B-5B17287BC5D2}.Debug|x64.Build.0 = Debug|x64
		{0EE06EEE-D2BD-4AC7-990B-5B17287BC5D2}.Debug|x64.Deploy.0 = Debug|x64
		{0EE06EEE-D2BD-4AC7-990B-5B17287BC5D2}.Debug|x86.ActiveCfg = Debug|x86
		{0EE06EEE-D2BD-4AC7-990B-5B17287BC5D2}.Debug|x86.Build.0 = Debug|x86
		{0EE06EEE-D2BD-4AC7-990B-5B17287BC5D2}.Debug|x86.Deploy.0 = Debug|x86
		{0EE06EEE-D2BD-4AC7-990B-5B17287BC5D2}.Release|Any CPU.ActiveCfg = Release|x86
		{0EE06EEE-D2BD-4AC7-990B-5B17287BC5D2}.Release|ARM.ActiveCfg = Release|ARM
		{0EE06EEE-D2BD-4AC7-990B-5B17287BC5D2}.Release|ARM.Build.0 = Release|ARM
		{0EE06EEE-D2BD-4AC7-990B-5B17287BC5D2}.Release|ARM.Deploy.0 = Release|ARM
		{0EE06EEE-D2BD-4AC7-990B-5B17287BC5D2}.Release|iPhone.ActiveCfg = Release|x86
		{0EE06EEE-D2BD-4AC7-990B-5B17287BC5D2}.Release|iPhoneSimulator.ActiveCfg = Release|x86
		{0EE06EEE-D2BD-4AC7-990B-5B17287BC5D2}.Release|x64.ActiveCfg = Release|x64
		{0EE06EEE-D2BD-4AC7-990B-5B17287BC5D2}.Release|x64.Build.0 = Release|x64
		{0EE06EEE-D2BD-4AC7-990B-5B17287BC5D2}.Release|x64.Deploy.0 = Release|x64
		{0EE06EEE-D2BD-4AC7-990B-5B17287BC5D2}.Release|x86.ActiveCfg = Release|x86
		{0EE06EEE-D2BD-4AC7-990B-5B17287BC5D2}.Release|x86.Build.0 = Release|x86
		{0EE06EEE-D2BD-4AC7-990B-5B17287BC5D2}.Release|x86.Deploy.0 = Release|x86
	EndGlobalSection
	GlobalSection(SolutionProperties) = preSolution
		HideSolutionNode = FALSE
	EndGlobalSection
EndGlobal
